// !$*UTF8*$!
{
	archiveVersion = 1;
	classes = {
	};
	objectVersion = 55;
	objects = {

/* Begin PBXBuildFile section */
		D4CC75F62806C97B00B53AFD /* AppDelegate.swift in Sources */ = {isa = PBXBuildFile; fileRef = D4CC75F52806C97B00B53AFD /* AppDelegate.swift */; };
		D4CC75F82806C97B00B53AFD /* SceneDelegate.swift in Sources */ = {isa = PBXBuildFile; fileRef = D4CC75F72806C97B00B53AFD /* SceneDelegate.swift */; };
		D4CC75FA2806C97B00B53AFD /* ViewController.swift in Sources */ = {isa = PBXBuildFile; fileRef = D4CC75F92806C97B00B53AFD /* ViewController.swift */; };
		D4CC75FD2806C97B00B53AFD /* Main.storyboard in Resources */ = {isa = PBXBuildFile; fileRef = D4CC75FB2806C97B00B53AFD /* Main.storyboard */; };
		D4CC75FF2806C97D00B53AFD /* Assets.xcassets in Resources */ = {isa = PBXBuildFile; fileRef = D4CC75FE2806C97D00B53AFD /* Assets.xcassets */; };
		D4CC76022806C97D00B53AFD /* LaunchScreen.storyboard in Resources */ = {isa = PBXBuildFile; fileRef = D4CC76002806C97D00B53AFD /* LaunchScreen.storyboard */; };
		D4CC760A280D625A00B53AFD /* CreditCard.swift in Sources */ = {isa = PBXBuildFile; fileRef = D4CC7609280D625A00B53AFD /* CreditCard.swift */; };
		D4CC7610280D6F1800B53AFD /* CreditCardListCell.swift in Sources */ = {isa = PBXBuildFile; fileRef = D4CC760F280D6F1800B53AFD /* CreditCardListCell.swift */; };
		D4CC7612280EB5F800B53AFD /* CardDetailViewController.swift in Sources */ = {isa = PBXBuildFile; fileRef = D4CC7611280EB5F800B53AFD /* CardDetailViewController.swift */; };
		D4CC7614280EBE6B00B53AFD /* money.json in Resources */ = {isa = PBXBuildFile; fileRef = D4CC7613280EBE6A00B53AFD /* money.json */; };
		D4CC76162810076C00B53AFD /* DetailTableViewCell.swift in Sources */ = {isa = PBXBuildFile; fileRef = D4CC76152810076C00B53AFD /* DetailTableViewCell.swift */; };
		D4CC761828100A1100B53AFD /* DetailViewCellList.swift in Sources */ = {isa = PBXBuildFile; fileRef = D4CC761728100A1100B53AFD /* DetailViewCellList.swift */; };
		E7C2D1F686FF4BCA8FD3FA6E /* Pods_12_CreditCardList.framework in Frameworks */ = {isa = PBXBuildFile; fileRef = A141617A99419E4D52F215EF /* Pods_12_CreditCardList.framework */; };
/* End PBXBuildFile section */

/* Begin PBXFileReference section */
		1D4E99754288AD8A50B3FB78 /* Pods-12_CreditCardList.debug.xcconfig */ = {isa = PBXFileReference; includeInIndex = 1; lastKnownFileType = text.xcconfig; name = "Pods-12_CreditCardList.debug.xcconfig"; path = "Target Support Files/Pods-12_CreditCardList/Pods-12_CreditCardList.debug.xcconfig"; sourceTree = "<group>"; };
		A141617A99419E4D52F215EF /* Pods_12_CreditCardList.framework */ = {isa = PBXFileReference; explicitFileType = wrapper.framework; includeInIndex = 0; path = Pods_12_CreditCardList.framework; sourceTree = BUILT_PRODUCTS_DIR; };
		B56FEBFBF7C16F85169CE910 /* Pods-12_CreditCardList.release.xcconfig */ = {isa = PBXFileReference; includeInIndex = 1; lastKnownFileType = text.xcconfig; name = "Pods-12_CreditCardList.release.xcconfig"; path = "Target Support Files/Pods-12_CreditCardList/Pods-12_CreditCardList.release.xcconfig"; sourceTree = "<group>"; };
		D4CC75F22806C97B00B53AFD /* 12_CreditCardList.app */ = {isa = PBXFileReference; explicitFileType = wrapper.application; includeInIndex = 0; path = 12_CreditCardList.app; sourceTree = BUILT_PRODUCTS_DIR; };
		D4CC75F52806C97B00B53AFD /* AppDelegate.swift */ = {isa = PBXFileReference; lastKnownFileType = sourcecode.swift; path = AppDelegate.swift; sourceTree = "<group>"; };
		D4CC75F72806C97B00B53AFD /* SceneDelegate.swift */ = {isa = PBXFileReference; lastKnownFileType = sourcecode.swift; path = SceneDelegate.swift; sourceTree = "<group>"; };
		D4CC75F92806C97B00B53AFD /* ViewController.swift */ = {isa = PBXFileReference; lastKnownFileType = sourcecode.swift; path = ViewController.swift; sourceTree = "<group>"; };
		D4CC75FC2806C97B00B53AFD /* Base */ = {isa = PBXFileReference; lastKnownFileType = file.storyboard; name = Base; path = Base.lproj/Main.storyboard; sourceTree = "<group>"; };
		D4CC75FE2806C97D00B53AFD /* Assets.xcassets */ = {isa = PBXFileReference; lastKnownFileType = folder.assetcatalog; path = Assets.xcassets; sourceTree = "<group>"; };
		D4CC76012806C97D00B53AFD /* Base */ = {isa = PBXFileReference; lastKnownFileType = file.storyboard; name = Base; path = Base.lproj/LaunchScreen.storyboard; sourceTree = "<group>"; };
		D4CC76032806C97D00B53AFD /* Info.plist */ = {isa = PBXFileReference; lastKnownFileType = text.plist.xml; path = Info.plist; sourceTree = "<group>"; };
		D4CC7609280D625A00B53AFD /* CreditCard.swift */ = {isa = PBXFileReference; lastKnownFileType = sourcecode.swift; path = CreditCard.swift; sourceTree = "<group>"; };
		D4CC760F280D6F1800B53AFD /* CreditCardListCell.swift */ = {isa = PBXFileReference; lastKnownFileType = sourcecode.swift; path = CreditCardListCell.swift; sourceTree = "<group>"; };
		D4CC7611280EB5F800B53AFD /* CardDetailViewController.swift */ = {isa = PBXFileReference; lastKnownFileType = sourcecode.swift; path = CardDetailViewController.swift; sourceTree = "<group>"; };
		D4CC7613280EBE6A00B53AFD /* money.json */ = {isa = PBXFileReference; fileEncoding = 4; lastKnownFileType = text.json; path = money.json; sourceTree = "<group>"; };
		D4CC76152810076C00B53AFD /* DetailTableViewCell.swift */ = {isa = PBXFileReference; lastKnownFileType = sourcecode.swift; path = DetailTableViewCell.swift; sourceTree = "<group>"; };
		D4CC761728100A1100B53AFD /* DetailViewCellList.swift */ = {isa = PBXFileReference; lastKnownFileType = sourcecode.swift; path = DetailViewCellList.swift; sourceTree = "<group>"; };
/* End PBXFileReference section */

/* Begin PBXFrameworksBuildPhase section */
		D4CC75EF2806C97B00B53AFD /* Frameworks */ = {
			isa = PBXFrameworksBuildPhase;
			buildActionMask = 2147483647;
			files = (
				E7C2D1F686FF4BCA8FD3FA6E /* Pods_12_CreditCardList.framework in Frameworks */,
			);
			runOnlyForDeploymentPostprocessing = 0;
		};
/* End PBXFrameworksBuildPhase section */

/* Begin PBXGroup section */
		547AD029D0505ACC7735283D /* Pods */ = {
			isa = PBXGroup;
			children = (
				1D4E99754288AD8A50B3FB78 /* Pods-12_CreditCardList.debug.xcconfig */,
				B56FEBFBF7C16F85169CE910 /* Pods-12_CreditCardList.release.xcconfig */,
			);
			path = Pods;
			sourceTree = "<group>";
		};
		7AE3F7C52A76AD5ADE53AEEA /* Frameworks */ = {
			isa = PBXGroup;
			children = (
				A141617A99419E4D52F215EF /* Pods_12_CreditCardList.framework */,
			);
			name = Frameworks;
			sourceTree = "<group>";
		};
		D4CC75E92806C97A00B53AFD = {
			isa = PBXGroup;
			children = (
				D4CC75F42806C97B00B53AFD /* 12_CreditCardList */,
				D4CC75F32806C97B00B53AFD /* Products */,
				547AD029D0505ACC7735283D /* Pods */,
				7AE3F7C52A76AD5ADE53AEEA /* Frameworks */,
			);
			sourceTree = "<group>";
		};
		D4CC75F32806C97B00B53AFD /* Products */ = {
			isa = PBXGroup;
			children = (
				D4CC75F22806C97B00B53AFD /* 12_CreditCardList.app */,
			);
			name = Products;
			sourceTree = "<group>";
		};
		D4CC75F42806C97B00B53AFD /* 12_CreditCardList */ = {
			isa = PBXGroup;
			children = (
				D4CC7613280EBE6A00B53AFD /* money.json */,
				D4CC75F52806C97B00B53AFD /* AppDelegate.swift */,
				D4CC75F72806C97B00B53AFD /* SceneDelegate.swift */,
				D4CC75F92806C97B00B53AFD /* ViewController.swift */,
				D4CC7611280EB5F800B53AFD /* CardDetailViewController.swift */,
				D4CC761728100A1100B53AFD /* DetailViewCellList.swift */,
				D4CC7609280D625A00B53AFD /* CreditCard.swift */,
				D4CC760F280D6F1800B53AFD /* CreditCardListCell.swift */,
				D4CC76152810076C00B53AFD /* DetailTableViewCell.swift */,
				D4CC75FB2806C97B00B53AFD /* Main.storyboard */,
				D4CC75FE2806C97D00B53AFD /* Assets.xcassets */,
				D4CC76002806C97D00B53AFD /* LaunchScreen.storyboard */,
				D4CC76032806C97D00B53AFD /* Info.plist */,
			);
			path = 12_CreditCardList;
			sourceTree = "<group>";
		};
/* End PBXGroup section */

/* Begin PBXNativeTarget section */
		D4CC75F12806C97B00B53AFD /* 12_CreditCardList */ = {
			isa = PBXNativeTarget;
			buildConfigurationList = D4CC76062806C97D00B53AFD /* Build configuration list for PBXNativeTarget "12_CreditCardList" */;
			buildPhases = (
				7031D7756D6DE759D8CFCABD /* [CP] Check Pods Manifest.lock */,
				D4CC75EE2806C97B00B53AFD /* Sources */,
				D4CC75EF2806C97B00B53AFD /* Frameworks */,
				D4CC75F02806C97B00B53AFD /* Resources */,
				718F2A2CC51278253D1A1D7B /* [CP] Embed Pods Frameworks */,
			);
			buildRules = (
			);
			dependencies = (
			);
			name = 12_CreditCardList;
			productName = 12_CreditCardList;
			productReference = D4CC75F22806C97B00B53AFD /* 12_CreditCardList.app */;
			productType = "com.apple.product-type.application";
		};
/* End PBXNativeTarget section */

/* Begin PBXProject section */
		D4CC75EA2806C97A00B53AFD /* Project object */ = {
			isa = PBXProject;
			attributes = {
				BuildIndependentTargetsInParallel = 1;
				LastSwiftUpdateCheck = 1320;
				LastUpgradeCheck = 1320;
				TargetAttributes = {
					D4CC75F12806C97B00B53AFD = {
						CreatedOnToolsVersion = 13.2.1;
					};
				};
			};
			buildConfigurationList = D4CC75ED2806C97A00B53AFD /* Build configuration list for PBXProject "12_CreditCardList" */;
			compatibilityVersion = "Xcode 13.0";
			developmentRegion = en;
			hasScannedForEncodings = 0;
			knownRegions = (
				en,
				Base,
			);
			mainGroup = D4CC75E92806C97A00B53AFD;
			productRefGroup = D4CC75F32806C97B00B53AFD /* Products */;
			projectDirPath = "";
			projectRoot = "";
			targets = (
				D4CC75F12806C97B00B53AFD /* 12_CreditCardList */,
			);
		};
/* End PBXProject section */

/* Begin PBXResourcesBuildPhase section */
		D4CC75F02806C97B00B53AFD /* Resources */ = {
			isa = PBXResourcesBuildPhase;
			buildActionMask = 2147483647;
			files = (
				D4CC76022806C97D00B53AFD /* LaunchScreen.storyboard in Resources */,
				D4CC75FF2806C97D00B53AFD /* Assets.xcassets in Resources */,
				D4CC7614280EBE6B00B53AFD /* money.json in Resources */,
				D4CC75FD2806C97B00B53AFD /* Main.storyboard in Resources */,
			);
			runOnlyForDeploymentPostprocessing = 0;
		};
/* End PBXResourcesBuildPhase section */

/* Begin PBXShellScriptBuildPhase section */
		7031D7756D6DE759D8CFCABD /* [CP] Check Pods Manifest.lock */ = {
			isa = PBXShellScriptBuildPhase;
			buildActionMask = 2147483647;
			files = (
			);
			inputFileListPaths = (
			);
			inputPaths = (
				"${PODS_PODFILE_DIR_PATH}/Podfile.lock",
				"${PODS_ROOT}/Manifest.lock",
			);
			name = "[CP] Check Pods Manifest.lock";
			outputFileListPaths = (
			);
			outputPaths = (
				"$(DERIVED_FILE_DIR)/Pods-12_CreditCardList-checkManifestLockResult.txt",
			);
			runOnlyForDeploymentPostprocessing = 0;
			shellPath = /bin/sh;
			shellScript = "diff \"${PODS_PODFILE_DIR_PATH}/Podfile.lock\" \"${PODS_ROOT}/Manifest.lock\" > /dev/null\nif [ $? != 0 ] ; then\n    # print error to STDERR\n    echo \"error: The sandbox is not in sync with the Podfile.lock. Run 'pod install' or update your CocoaPods installation.\" >&2\n    exit 1\nfi\n# This output is used by Xcode 'outputs' to avoid re-running this script phase.\necho \"SUCCESS\" > \"${SCRIPT_OUTPUT_FILE_0}\"\n";
			showEnvVarsInLog = 0;
		};
		718F2A2CC51278253D1A1D7B /* [CP] Embed Pods Frameworks */ = {
			isa = PBXShellScriptBuildPhase;
			buildActionMask = 2147483647;
			files = (
			);
			inputFileListPaths = (
				"${PODS_ROOT}/Target Support Files/Pods-12_CreditCardList/Pods-12_CreditCardList-frameworks-${CONFIGURATION}-input-files.xcfilelist",
			);
			name = "[CP] Embed Pods Frameworks";
			outputFileListPaths = (
				"${PODS_ROOT}/Target Support Files/Pods-12_CreditCardList/Pods-12_CreditCardList-frameworks-${CONFIGURATION}-output-files.xcfilelist",
			);
			runOnlyForDeploymentPostprocessing = 0;
			shellPath = /bin/sh;
			shellScript = "\"${PODS_ROOT}/Target Support Files/Pods-12_CreditCardList/Pods-12_CreditCardList-frameworks.sh\"\n";
			showEnvVarsInLog = 0;
		};
/* End PBXShellScriptBuildPhase section */

/* Begin PBXSourcesBuildPhase section */
		D4CC75EE2806C97B00B53AFD /* Sources */ = {
			isa = PBXSourcesBuildPhase;
			buildActionMask = 2147483647;
			files = (
				D4CC760A280D625A00B53AFD /* CreditCard.swift in Sources */,
				D4CC7612280EB5F800B53AFD /* CardDetailViewController.swift in Sources */,
				D4CC76162810076C00B53AFD /* DetailTableViewCell.swift in Sources */,
				D4CC7610280D6F1800B53AFD /* CreditCardListCell.swift in Sources */,
				D4CC75FA2806C97B00B53AFD /* ViewController.swift in Sources */,
				D4CC761828100A1100B53AFD /* DetailViewCellList.swift in Sources */,
				D4CC75F62806C97B00B53AFD /* AppDelegate.swift in Sources */,
				D4CC75F82806C97B00B53AFD /* SceneDelegate.swift in Sources */,
			);
			runOnlyForDeploymentPostprocessing = 0;
		};
/* End PBXSourcesBuildPhase section */

/* Begin PBXVariantGroup section */
		D4CC75FB2806C97B00B53AFD /* Main.storyboard */ = {
			isa = PBXVariantGroup;
			children = (
				D4CC75FC2806C97B00B53AFD /* Base */,
			);
			name = Main.storyboard;
			sourceTree = "<group>";
		};
		D4CC76002806C97D00B53AFD /* LaunchScreen.storyboard */ = {
			isa = PBXVariantGroup;
			children = (
				D4CC76012806C97D00B53AFD /* Base */,
			);
			name = LaunchScreen.storyboard;
			sourceTree = "<group>";
		};
/* End PBXVariantGroup section */

/* Begin XCBuildConfiguration section */
		D4CC76042806C97D00B53AFD /* Debug */ = {
			isa = XCBuildConfiguration;
			buildSettings = {
				ALWAYS_SEARCH_USER_PATHS = NO;
				CLANG_ANALYZER_NONNULL = YES;
				CLANG_ANALYZER_NUMBER_OBJECT_CONVERSION = YES_AGGRESSIVE;
				CLANG_CXX_LANGUAGE_STANDARD = "gnu++17";
				CLANG_CXX_LIBRARY = "libc++";
				CLANG_ENABLE_MODULES = YES;
				CLANG_ENABLE_OBJC_ARC = YES;
				CLANG_ENABLE_OBJC_WEAK = YES;
				CLANG_WARN_BLOCK_CAPTURE_AUTORELEASING = YES;
				CLANG_WARN_BOOL_CONVERSION = YES;
				CLANG_WARN_COMMA = YES;
				CLANG_WARN_CONSTANT_CONVERSION = YES;
				CLANG_WARN_DEPRECATED_OBJC_IMPLEMENTATIONS = YES;
				CLANG_WARN_DIRECT_OBJC_ISA_USAGE = YES_ERROR;
				CLANG_WARN_DOCUMENTATION_COMMENTS = YES;
				CLANG_WARN_EMPTY_BODY = YES;
				CLANG_WARN_ENUM_CONVERSION = YES;
				CLANG_WARN_INFINITE_RECURSION = YES;
				CLANG_WARN_INT_CONVERSION = YES;
				CLANG_WARN_NON_LITERAL_NULL_CONVERSION = YES;
				CLANG_WARN_OBJC_IMPLICIT_RETAIN_SELF = YES;
				CLANG_WARN_OBJC_LITERAL_CONVERSION = YES;
				CLANG_WARN_OBJC_ROOT_CLASS = YES_ERROR;
				CLANG_WARN_QUOTED_INCLUDE_IN_FRAMEWORK_HEADER = YES;
				CLANG_WARN_RANGE_LOOP_ANALYSIS = YES;
				CLANG_WARN_STRICT_PROTOTYPES = YES;
				CLANG_WARN_SUSPICIOUS_MOVE = YES;
				CLANG_WARN_UNGUARDED_AVAILABILITY = YES_AGGRESSIVE;
				CLANG_WARN_UNREACHABLE_CODE = YES;
				CLANG_WARN__DUPLICATE_METHOD_MATCH = YES;
				COPY_PHASE_STRIP = NO;
				DEBUG_INFORMATION_FORMAT = dwarf;
				ENABLE_STRICT_OBJC_MSGSEND = YES;
				ENABLE_TESTABILITY = YES;
				GCC_C_LANGUAGE_STANDARD = gnu11;
				GCC_DYNAMIC_NO_PIC = NO;
				GCC_NO_COMMON_BLOCKS = YES;
				GCC_OPTIMIZATION_LEVEL = 0;
				GCC_PREPROCESSOR_DEFINITIONS = (
					"DEBUG=1",
					"$(inherited)",
				);
				GCC_WARN_64_TO_32_BIT_CONVERSION = YES;
				GCC_WARN_ABOUT_RETURN_TYPE = YES_ERROR;
				GCC_WARN_UNDECLARED_SELECTOR = YES;
				GCC_WARN_UNINITIALIZED_AUTOS = YES_AGGRESSIVE;
				GCC_WARN_UNUSED_FUNCTION = YES;
				GCC_WARN_UNUSED_VARIABLE = YES;
				IPHONEOS_DEPLOYMENT_TARGET = 15.2;
				MTL_ENABLE_DEBUG_INFO = INCLUDE_SOURCE;
				MTL_FAST_MATH = YES;
				ONLY_ACTIVE_ARCH = YES;
				SDKROOT = iphoneos;
				SWIFT_ACTIVE_COMPILATION_CONDITIONS = DEBUG;
				SWIFT_OPTIMIZATION_LEVEL = "-Onone";
			};
			name = Debug;
		};
		D4CC76052806C97D00B53AFD /* Release */ = {
			isa = XCBuildConfiguration;
			buildSettings = {
				ALWAYS_SEARCH_USER_PATHS = NO;
				CLANG_ANALYZER_NONNULL = YES;
				CLANG_ANALYZER_NUMBER_OBJECT_CONVERSION = YES_AGGRESSIVE;
				CLANG_CXX_LANGUAGE_STANDARD = "gnu++17";
				CLANG_CXX_LIBRARY = "libc++";
				CLANG_ENABLE_MODULES = YES;
				CLANG_ENABLE_OBJC_ARC = YES;
				CLANG_ENABLE_OBJC_WEAK = YES;
				CLANG_WARN_BLOCK_CAPTURE_AUTORELEASING = YES;
				CLANG_WARN_BOOL_CONVERSION = YES;
				CLANG_WARN_COMMA = YES;
				CLANG_WARN_CONSTANT_CONVERSION = YES;
				CLANG_WARN_DEPRECATED_OBJC_IMPLEMENTATIONS = YES;
				CLANG_WARN_DIRECT_OBJC_ISA_USAGE = YES_ERROR;
				CLANG_WARN_DOCUMENTATION_COMMENTS = YES;
				CLANG_WARN_EMPTY_BODY = YES;
				CLANG_WARN_ENUM_CONVERSION = YES;
				CLANG_WARN_INFINITE_RECURSION = YES;
				CLANG_WARN_INT_CONVERSION = YES;
				CLANG_WARN_NON_LITERAL_NULL_CONVERSION = YES;
				CLANG_WARN_OBJC_IMPLICIT_RETAIN_SELF = YES;
				CLANG_WARN_OBJC_LITERAL_CONVERSION = YES;
				CLANG_WARN_OBJC_ROOT_CLASS = YES_ERROR;
				CLANG_WARN_QUOTED_INCLUDE_IN_FRAMEWORK_HEADER = YES;
				CLANG_WARN_RANGE_LOOP_ANALYSIS = YES;
				CLANG_WARN_STRICT_PROTOTYPES = YES;
				CLANG_WARN_SUSPICIOUS_MOVE = YES;
				CLANG_WARN_UNGUARDED_AVAILABILITY = YES_AGGRESSIVE;
				CLANG_WARN_UNREACHABLE_CODE = YES;
				CLANG_WARN__DUPLICATE_METHOD_MATCH = YES;
				COPY_PHASE_STRIP = NO;
				DEBUG_INFORMATION_FORMAT = "dwarf-with-dsym";
				ENABLE_NS_ASSERTIONS = NO;
				ENABLE_STRICT_OBJC_MSGSEND = YES;
				GCC_C_LANGUAGE_STANDARD = gnu11;
				GCC_NO_COMMON_BLOCKS = YES;
				GCC_WARN_64_TO_32_BIT_CONVERSION = YES;
				GCC_WARN_ABOUT_RETURN_TYPE = YES_ERROR;
				GCC_WARN_UNDECLARED_SELECTOR = YES;
				GCC_WARN_UNINITIALIZED_AUTOS = YES_AGGRESSIVE;
				GCC_WARN_UNUSED_FUNCTION = YES;
				GCC_WARN_UNUSED_VARIABLE = YES;
				IPHONEOS_DEPLOYMENT_TARGET = 15.2;
				MTL_ENABLE_DEBUG_INFO = NO;
				MTL_FAST_MATH = YES;
				SDKROOT = iphoneos;
				SWIFT_COMPILATION_MODE = wholemodule;
				SWIFT_OPTIMIZATION_LEVEL = "-O";
				VALIDATE_PRODUCT = YES;
			};
			name = Release;
		};
		D4CC76072806C97D00B53AFD /* Debug */ = {
			isa = XCBuildConfiguration;
			baseConfigurationReference = 1D4E99754288AD8A50B3FB78 /* Pods-12_CreditCardList.debug.xcconfig */;
			buildSettings = {
				ASSETCATALOG_COMPILER_APPICON_NAME = AppIcon;
				ASSETCATALOG_COMPILER_GLOBAL_ACCENT_COLOR_NAME = AccentColor;
				CODE_SIGN_STYLE = Automatic;
				CURRENT_PROJECT_VERSION = 1;
				DEVELOPMENT_TEAM = 6V8879W55Z;
				GENERATE_INFOPLIST_FILE = YES;
				INFOPLIST_FILE = 12_CreditCardList/Info.plist;
				INFOPLIST_KEY_UIApplicationSupportsIndirectInputEvents = YES;
				INFOPLIST_KEY_UILaunchStoryboardName = LaunchScreen;
				INFOPLIST_KEY_UIMainStoryboardFile = Main;
				INFOPLIST_KEY_UISupportedInterfaceOrientations_iPad = "UIInterfaceOrientationPortrait UIInterfaceOrientationPortraitUpsideDown UIInterfaceOrientationLandscapeLeft UIInterfaceOrientationLandscapeRight";
				INFOPLIST_KEY_UISupportedInterfaceOrientations_iPhone = "UIInterfaceOrientationPortrait UIInterfaceOrientationLandscapeLeft UIInterfaceOrientationLandscapeRight";
				LD_RUNPATH_SEARCH_PATHS = (
					"$(inherited)",
					"@executable_path/Frameworks",
				);
				MARKETING_VERSION = 1.0;
				PRODUCT_BUNDLE_IDENTIFIER = "com.-2-CreditCardList";
				PRODUCT_NAME = "$(TARGET_NAME)";
				SWIFT_EMIT_LOC_STRINGS = YES;
				SWIFT_VERSION = 5.0;
				TARGETED_DEVICE_FAMILY = "1,2";
			};
			name = Debug;
		};
		D4CC76082806C97D00B53AFD /* Release */ = {
			isa = XCBuildConfiguration;
			baseConfigurationReference = B56FEBFBF7C16F85169CE910 /* Pods-12_CreditCardList.release.xcconfig */;
			buildSettings = {
				ASSETCATALOG_COMPILER_APPICON_NAME = AppIcon;
				ASSETCATALOG_COMPILER_GLOBAL_ACCENT_COLOR_NAME = AccentColor;
				CODE_SIGN_STYLE = Automatic;
				CURRENT_PROJECT_VERSION = 1;
				DEVELOPMENT_TEAM = 6V8879W55Z;
				GENERATE_INFOPLIST_FILE = YES;
				INFOPLIST_FILE = 12_CreditCardList/Info.plist;
				INFOPLIST_KEY_UIApplicationSupportsIndirectInputEvents = YES;
				INFOPLIST_KEY_UILaunchStoryboardName = LaunchScreen;
				INFOPLIST_KEY_UIMainStoryboardFile = Main;
				INFOPLIST_KEY_UISupportedInterfaceOrientations_iPad = "UIInterfaceOrientationPortrait UIInterfaceOrientationPortraitUpsideDown UIInterfaceOrientationLandscapeLeft UIInterfaceOrientationLandscapeRight";
				INFOPLIST_KEY_UISupportedInterfaceOrientations_iPhone = "UIInterfaceOrientationPortrait UIInterfaceOrientationLandscapeLeft UIInterfaceOrientationLandscapeRight";
				LD_RUNPATH_SEARCH_PATHS = (
					"$(inherited)",
					"@executable_path/Frameworks",
				);
				MARKETING_VERSION = 1.0;
				PRODUCT_BUNDLE_IDENTIFIER = "com.-2-CreditCardList";
				PRODUCT_NAME = "$(TARGET_NAME)";
				SWIFT_EMIT_LOC_STRINGS = YES;
				SWIFT_VERSION = 5.0;
				TARGETED_DEVICE_FAMILY = "1,2";
			};
			name = Release;
		};
/* End XCBuildConfiguration section */

/* Begin XCConfigurationList section */
		D4CC75ED2806C97A00B53AFD /* Build configuration list for PBXProject "12_CreditCardList" */ = {
			isa = XCConfigurationList;
			buildConfigurations = (
				D4CC76042806C97D00B53AFD /* Debug */,
				D4CC76052806C97D00B53AFD /* Release */,
			);
			defaultConfigurationIsVisible = 0;
			defaultConfigurationName = Release;
		};
		D4CC76062806C97D00B53AFD /* Build configuration list for PBXNativeTarget "12_CreditCardList" */ = {
			isa = XCConfigurationList;
			buildConfigurations = (
				D4CC76072806C97D00B53AFD /* Debug */,
				D4CC76082806C97D00B53AFD /* Release */,
			);
			defaultConfigurationIsVisible = 0;
			defaultConfigurationName = Release;
		};
/* End XCConfigurationList section */
	};
	rootObject = D4CC75EA2806C97A00B53AFD /* Project object */;
}
